
Microsoft Visual Studio Solution File, Format Version 12.00
# Visual Studio Version 17
VisualStudioVersion = 17.9.34622.214
MinimumVisualStudioVersion = 10.0.40219.1
Project("{9A19103F-16F7-4668-BE54-9A1E7A4F7556}") = "HelloWorld", "HelloWorld\HelloWorld.csproj", "{AA755036-039A-4DEF-80EB-24F932CA26CA}"
EndProject
Global
	GlobalSection(SolutionConfigurationPlatforms) = preSolution
		Debug|Any CPU = Debug|Any CPU
		Release|Any CPU = Release|Any CPU
	EndGlobalSection
	GlobalSection(ProjectConfigurationPlatforms) = postSolution
		{AA755036-039A-4DEF-80EB-24F932CA26CA}.Debug|Any CPU.ActiveCfg = Debug|Any CPU
		{AA755036-039A-4DEF-80EB-24F932CA26CA}.Debug|Any CPU.Build.0 = Debug|Any CPU
		{AA755036-039A-4DEF-80EB-24F932CA26CA}.Release|Any CPU.ActiveCfg = Release|Any CPU
		{AA755036-039A-4DEF-80EB-24F932CA26CA}.Release|Any CPU.Build.0 = Release|Any CPU
	EndGlobalSection
	GlobalSection(SolutionProperties) = preSolution
		HideSolutionNode = FALSE
	EndGlobalSection
	GlobalSection(ExtensibilityGlobals) = postSolution
		SolutionGuid = {DE6EE50C-9768-4E2C-B815-9684C644A9E5}
	EndGlobalSection
EndGlobal
